{
  "version": 4,
  "terraform_version": "1.3.6",
  "serial": 9,
  "lineage": "400544df-1a30-74a0-c5b7-463278853ba5",
  "outputs": {},
  "resources": [
    {
      "mode": "data",
      "type": "digitalocean_ssh_key",
      "name": "my_key",
      "provider": "provider[\"registry.terraform.io/digitalocean/digitalocean\"]",
      "instances": [
        {
          "schema_version": 0,
          "attributes": {
            "fingerprint": "44:c2:ac:8a:55:ee:bf:34:93:09:df:67:86:db:b2:5f",
            "id": 37357471,
            "name": "Jornada",
            "public_key": "ssh-rsa AAAAB3NzaC1yc2EAAAADAQABAAABAQDcZlKme70LzNq4OATopOz29KXBDgbEIqmVWXfmzeo5FGmw+j6LfUgHWzQ9prag17tl0DOXcq0vm9a2oBC+ex3LrIL8UlAata4dj9PmglvwwzKbhPAHPoBkZRrSVGu39z8V2iWdUVlaPO2MNThPXKsh57ZR8+06VDA8u4VSCaC8ocHeb4Gyvqa/EEcvR4wOW3nCtWb6I8ajCDBBkp1yn1QfAQMO12RZJCJIUVJqha7FimNApsYYYwdGwu/jfQCvdBhfxDOGLdHoRvpSUkOTUFxMbzGKs3ECfc5FpFSRF9z7lGpHr9Mb8wwkxmu2uI0/cdVSGc1UiqdMFSHGa6lGsNnT root@LAPTOP-QTE0E6ON"
          },
          "sensitive_attributes": []
        }
      ]
    },
    {
      "mode": "managed",
      "type": "digitalocean_droplet",
      "name": "my_jenkins",
      "provider": "provider[\"registry.terraform.io/digitalocean/digitalocean\"]",
      "instances": [
        {
          "schema_version": 1,
          "attributes": {
            "backups": false,
            "created_at": "2023-01-26T00:09:41Z",
            "disk": 60,
            "droplet_agent": null,
            "graceful_shutdown": false,
            "id": "337541556",
            "image": "ubuntu-22-04-x64",
            "ipv4_address": "146.190.64.199",
            "ipv4_address_private": "10.116.0.2",
            "ipv6": false,
            "ipv6_address": "",
            "locked": false,
            "memory": 2048,
            "monitoring": false,
            "name": "jenkins",
            "price_hourly": 0.02679,
            "price_monthly": 18,
            "private_networking": true,
            "region": "nyc1",
            "resize_disk": true,
            "size": "s-2vcpu-2gb",
            "ssh_keys": [
              "37357471"
            ],
            "status": "active",
            "tags": null,
            "timeouts": null,
            "urn": "do:droplet:337541556",
            "user_data": null,
            "vcpus": 2,
            "volume_ids": [],
            "vpc_uuid": "ecefbcae-9a0f-4f69-a15d-c2165dce5294"
          },
          "sensitive_attributes": [],
          "private": "eyJlMmJmYjczMC1lY2FhLTExZTYtOGY4OC0zNDM2M2JjN2M0YzAiOnsiY3JlYXRlIjozNjAwMDAwMDAwMDAwLCJkZWxldGUiOjYwMDAwMDAwMDAwLCJ1cGRhdGUiOjM2MDAwMDAwMDAwMDB9LCJzY2hlbWFfdmVyc2lvbiI6IjEifQ==",
          "dependencies": [
            "data.digitalocean_ssh_key.my_key"
          ]
        }
      ]
    }
  ],
  "check_results": null
}
